<?xml version="1.0" encoding="utf-8"?>
<Project ToolsVersion="4.0" xmlns="http://schemas.microsoft.com/developer/msbuild/2003">
  <ItemGroup>
    <Filter Include="Source Files">
      <UniqueIdentifier>{4FC737F1-C7A5-4376-A066-2A32D752A2FF}</UniqueIdentifier>
      <Extensions>cpp;c;cc;cxx;def;odl;idl;hpj;bat;asm;asmx</Extensions>
    </Filter>
    <Filter Include="Header Files">
      <UniqueIdentifier>{93995380-89BD-4b04-88EB-625FBE52EBFB}</UniqueIdentifier>
      <Extensions>h;hh;hpp;hxx;hm;inl;inc;ipp;xsd</Extensions>
    </Filter>
    <Filter Include="Resource Files">
      <UniqueIdentifier>{67DA6AB6-F800-4c08-8B7A-83BB121AAD01}</UniqueIdentifier>
      <Extensions>rc;ico;cur;bmp;dlg;rc2;rct;bin;rgs;gif;jpg;jpeg;jpe;resx;tiff;tif;png;wav;mfcribbon-ms</Extensions>
    </Filter>
    <Filter Include="Shaders">
      <UniqueIdentifier>{8fab4b36-e2ee-44fe-9253-e40fee4a8bc5}</UniqueIdentifier>
    </Filter>
  </ItemGroup>
  <ItemGroup>
    <ClCompile Include="main.cpp">
      <Filter>Source Files</Filter>
    </ClCompile>
    <ClCompile Include="Application.cpp">
      <Filter>Source Files</Filter>
    </ClCompile>
    <ClCompile Include="Window.cpp">
      <Filter>Source Files</Filter>
    </ClCompile>
    <ClCompile Include="Scene.cpp">
      <Filter>Source Files</Filter>
    </ClCompile>
    <ClCompile Include="Renderer.cpp">
      <Filter>Source Files</Filter>
    </ClCompile>
    <ClCompile Include="DX11Handler.cpp">
      <Filter>Source Files</Filter>
    </ClCompile>
    <ClCompile Include="Object.cpp">
      <Filter>Source Files</Filter>
    </ClCompile>
    <ClCompile Include="Material.cpp">
      <Filter>Source Files</Filter>
    </ClCompile>
    <ClCompile Include="Transform.cpp">
      <Filter>Source Files</Filter>
    </ClCompile>
    <ClCompile Include="Shader.cpp">
      <Filter>Source Files</Filter>
    </ClCompile>
    <ClCompile Include="Camera.cpp">
      <Filter>Source Files</Filter>
    </ClCompile>
    <ClCompile Include="Input.cpp">
      <Filter>Source Files</Filter>
    </ClCompile>
    <ClCompile Include="RenderTarget.cpp">
      <Filter>Source Files</Filter>
    </ClCompile>
    <ClCompile Include="AABB.cpp">
      <Filter>Source Files</Filter>
    </ClCompile>
    <ClCompile Include="Lights.cpp">
      <Filter>Source Files</Filter>
    </ClCompile>
    <ClCompile Include="CameraController.cpp">
      <Filter>Source Files</Filter>
    </ClCompile>
    <ClCompile Include="Texture.cpp">
      <Filter>Source Files</Filter>
    </ClCompile>
    <ClCompile Include="Timer.cpp">
      <Filter>Source Files</Filter>
    </ClCompile>
    <ClCompile Include="GUI.cpp">
      <Filter>Source Files</Filter>
    </ClCompile>
    <ClCompile Include="GUIObject.cpp">
      <Filter>Source Files</Filter>
    </ClCompile>
    <ClCompile Include="Player.cpp">
      <Filter>Source Files</Filter>
    </ClCompile>
    <ClCompile Include="GUISprite.cpp">
      <Filter>Source Files</Filter>
    </ClCompile>
    <ClCompile Include="GUIText.cpp">
      <Filter>Source Files</Filter>
    </ClCompile>
    <ClCompile Include="GUIActionbar.cpp">
      <Filter>Source Files</Filter>
    </ClCompile>
    <ClCompile Include="SoundHandler.cpp">
      <Filter>Source Files</Filter>
    </ClCompile>
    <ClCompile Include="Weapon.cpp">
      <Filter>Source Files</Filter>
    </ClCompile>
    <ClCompile Include="Projectile.cpp">
      <Filter>Source Files</Filter>
    </ClCompile>
    <ClCompile Include="Terrain.cpp">
      <Filter>Source Files</Filter>
    </ClCompile>
    <ClCompile Include="Enemy.cpp">
      <Filter>Source Files</Filter>
    </ClCompile>
    <ClCompile Include="IntroScene.cpp">
      <Filter>Source Files</Filter>
    </ClCompile>
    <ClCompile Include="IntroGUI.cpp">
      <Filter>Source Files</Filter>
    </ClCompile>
    <ClCompile Include="EndScene.cpp">
      <Filter>Source Files</Filter>
    </ClCompile>
    <ClCompile Include="SpawnObjects.cpp">
      <Filter>Source Files</Filter>
    </ClCompile>
    <ClCompile Include="Spoon.cpp">
      <Filter>Source Files</Filter>
    </ClCompile>
    <ClCompile Include="Entities.cpp">
      <Filter>Source Files</Filter>
    </ClCompile>
    <ClCompile Include="EndGUI.cpp">
      <Filter>Source Files</Filter>
    </ClCompile>
    <ClCompile Include="QuadTree.cpp">
      <Filter>Source Files</Filter>
    </ClCompile>
    <ClCompile Include="Resources.cpp">
      <Filter>Source Files</Filter>
    </ClCompile>
    <ClCompile Include="SSAO.cpp">
      <Filter>Source Files</Filter>
    </ClCompile>
    <ClCompile Include="Gamemanager.cpp">
      <Filter>Source Files</Filter>
    </ClCompile>
    <ClCompile Include="Skeleton.cpp">
      <Filter>Source Files</Filter>
    </ClCompile>
    <ClCompile Include="Joint.cpp">
      <Filter>Source Files</Filter>
    </ClCompile>
    <ClCompile Include="Animation.cpp">
      <Filter>Source Files</Filter>
    </ClCompile>
    <ClCompile Include="DevScene.cpp">
      <Filter>Source Files</Filter>
    </ClCompile>
    <ClCompile Include="Physics.cpp">
      <Filter>Source Files</Filter>
    </ClCompile>
    <ClCompile Include="Icecream.cpp">
      <Filter>Source Files</Filter>
    </ClCompile>
  </ItemGroup>
  <ItemGroup>
    <ClInclude Include="Application.h">
      <Filter>Header Files</Filter>
    </ClInclude>
    <ClInclude Include="Window.h">
      <Filter>Header Files</Filter>
    </ClInclude>
    <ClInclude Include="Scene.h">
      <Filter>Header Files</Filter>
    </ClInclude>
    <ClInclude Include="Logger.h">
      <Filter>Header Files</Filter>
    </ClInclude>
    <ClInclude Include="Renderer.h">
      <Filter>Header Files</Filter>
    </ClInclude>
    <ClInclude Include="DX11Handler.h">
      <Filter>Header Files</Filter>
    </ClInclude>
    <ClInclude Include="Object.h">
      <Filter>Header Files</Filter>
    </ClInclude>
    <ClInclude Include="Transform.h">
      <Filter>Header Files</Filter>
    </ClInclude>
    <ClInclude Include="Material.h">
      <Filter>Header Files</Filter>
    </ClInclude>
    <ClInclude Include="Shader.h">
      <Filter>Header Files</Filter>
    </ClInclude>
    <ClInclude Include="Camera.h">
      <Filter>Header Files</Filter>
    </ClInclude>
    <ClInclude Include="Input.h">
      <Filter>Header Files</Filter>
    </ClInclude>
    <ClInclude Include="Texture.h">
      <Filter>Header Files</Filter>
    </ClInclude>
    <ClInclude Include="ConstantBuffers.h">
      <Filter>Header Files</Filter>
    </ClInclude>
    <ClInclude Include="RenderTarget.h">
      <Filter>Header Files</Filter>
    </ClInclude>
    <ClInclude Include="AABB.h">
      <Filter>Header Files</Filter>
    </ClInclude>
    <ClInclude Include="Mesh.h">
      <Filter>Header Files</Filter>
    </ClInclude>
    <ClInclude Include="Lights.h">
      <Filter>Header Files</Filter>
    </ClInclude>
    <ClInclude Include="CameraController.h">
      <Filter>Header Files</Filter>
    </ClInclude>
    <ClInclude Include="stb_image.h">
      <Filter>Header Files</Filter>
    </ClInclude>
    <ClInclude Include="Timer.h">
      <Filter>Header Files</Filter>
    </ClInclude>
    <ClInclude Include="GUIObject.h">
      <Filter>Header Files</Filter>
    </ClInclude>
    <ClInclude Include="GUI.h">
      <Filter>Header Files</Filter>
    </ClInclude>
    <ClInclude Include="Player.h">
      <Filter>Header Files</Filter>
    </ClInclude>
    <ClInclude Include="MathHelper.h">
      <Filter>Header Files</Filter>
    </ClInclude>
    <ClInclude Include="GUIActionbar.h">
      <Filter>Header Files</Filter>
    </ClInclude>
    <ClInclude Include="GUISprite.h">
      <Filter>Header Files</Filter>
    </ClInclude>
    <ClInclude Include="GUIText.h">
      <Filter>Header Files</Filter>
    </ClInclude>
    <ClInclude Include="SoundHandler.h">
      <Filter>Header Files</Filter>
    </ClInclude>
    <ClInclude Include="assimpHandler.h">
      <Filter>Header Files</Filter>
    </ClInclude>
    <ClInclude Include="Weapon.h">
      <Filter>Header Files</Filter>
    </ClInclude>
    <ClInclude Include="Projectile.h">
      <Filter>Header Files</Filter>
    </ClInclude>
    <ClInclude Include="Terrain.h">
      <Filter>Header Files</Filter>
    </ClInclude>
    <ClInclude Include="Enemy.h">
      <Filter>Header Files</Filter>
    </ClInclude>
    <ClInclude Include="IntroScene.h">
      <Filter>Header Files</Filter>
    </ClInclude>
    <ClInclude Include="IntroGUI.h">
      <Filter>Header Files</Filter>
    </ClInclude>
    <ClInclude Include="EndScene.h">
      <Filter>Header Files</Filter>
    </ClInclude>
    <ClInclude Include="SpawnObjects.h">
      <Filter>Header Files</Filter>
    </ClInclude>
    <ClInclude Include="Spoon.h">
      <Filter>Header Files</Filter>
    </ClInclude>
    <ClInclude Include="Entities.h">
      <Filter>Header Files</Filter>
    </ClInclude>
    <ClInclude Include="EndGUI.h">
      <Filter>Header Files</Filter>
    </ClInclude>
    <ClInclude Include="QuadTree.h">
      <Filter>Header Files</Filter>
    </ClInclude>
    <ClInclude Include="Resources.h">
      <Filter>Header Files</Filter>
    </ClInclude>
    <ClInclude Include="SSAO.h">
      <Filter>Header Files</Filter>
    </ClInclude>
    <ClInclude Include="Gamemanager.h">
      <Filter>Header Files</Filter>
    </ClInclude>
    <ClInclude Include="Skeleton.h">
      <Filter>Header Files</Filter>
    </ClInclude>
    <ClInclude Include="Joint.h">
      <Filter>Header Files</Filter>
    </ClInclude>
    <ClInclude Include="Animation.h">
      <Filter>Header Files</Filter>
    </ClInclude>
    <ClInclude Include="DevScene.h">
      <Filter>Header Files</Filter>
    </ClInclude>
    <ClInclude Include="Physics.h">
      <Filter>Header Files</Filter>
    </ClInclude>
    <ClInclude Include="Icecream.h">
      <Filter>Header Files</Filter>
    </ClInclude>
    <ClInclude Include="WorldContext.h">
      <Filter>Header Files</Filter>
    </ClInclude>
    <ClInclude Include="RaycastHit.h">
      <Filter>Header Files</Filter>
    </ClInclude>
    <ClInclude Include="RaycastCallback.h">
      <Filter>Header Files</Filter>
    </ClInclude>
  </ItemGroup>
  <ItemGroup>
    <FxCompile Include="Shaders\Constants.hlsl">
      <Filter>Shaders</Filter>
    </FxCompile>
    <FxCompile Include="Shaders\DeferredLightPass_ps.hlsl">
      <Filter>Shaders</Filter>
    </FxCompile>
    <FxCompile Include="Lightning.hlsl">
      <Filter>Shaders</Filter>
    </FxCompile>
    <FxCompile Include="Shaders\Water_ps.hlsl">
      <Filter>Shaders</Filter>
    </FxCompile>
    <FxCompile Include="Shaders\Water_vs.hlsl">
      <Filter>Shaders</Filter>
    </FxCompile>
    <FxCompile Include="Shaders\Terrain_ps.hlsl">
      <Filter>Shaders</Filter>
    </FxCompile>
    <FxCompile Include="Shaders\ToonShader_ps.hlsl">
      <Filter>Shaders</Filter>
    </FxCompile>
    <FxCompile Include="Shaders\ToonShader_vs.hlsl">
      <Filter>Shaders</Filter>
    </FxCompile>
    <FxCompile Include="Shaders\ScreenQuad_vs.hlsl">
      <Filter>Shaders</Filter>
    </FxCompile>
    <FxCompile Include="Shaders\Shadow_ps.hlsl">
      <Filter>Shaders</Filter>
    </FxCompile>
    <FxCompile Include="Shaders\Shadow_vs.hlsl">
      <Filter>Shaders</Filter>
    </FxCompile>
    <FxCompile Include="Shaders\SSAO_ps.hlsl">
      <Filter>Shaders</Filter>
    </FxCompile>
    <FxCompile Include="Shaders\Billboard_vs.hlsl">
      <Filter>Shaders</Filter>
    </FxCompile>
  </ItemGroup>
  <ItemGroup>
    <None Include="packages.config" />
    <None Include="Shaders\noiseSimplex.cginc">
      <Filter>Shaders</Filter>
    </None>
  </ItemGroup>
</Project>